
Microsoft Visual Studio Solution File, Format Version 12.00
Project("{FAE04EC0-301F-11D3-BF4B-00C04F79EFBC}") = "PlankenCalculator", "PlankenCalculator.csproj", "{C67C7FA3-9A04-46CF-86E7-8EDA742A5F90}"
EndProject
Global
	GlobalSection(SolutionConfigurationPlatforms) = preSolution
		Debug|Any CPU = Debug|Any CPU
		Release|Any CPU = Release|Any CPU
	EndGlobalSection
	GlobalSection(ProjectConfigurationPlatforms) = postSolution
		{C67C7FA3-9A04-46CF-86E7-8EDA742A5F90}.Debug|Any CPU.ActiveCfg = Debug|Any CPU
		{C67C7FA3-9A04-46CF-86E7-8EDA742A5F90}.Debug|Any CPU.Build.0 = Debug|Any CPU
		{C67C7FA3-9A04-46CF-86E7-8EDA742A5F90}.Release|Any CPU.ActiveCfg = Release|Any CPU
		{C67C7FA3-9A04-46CF-86E7-8EDA742A5F90}.Release|Any CPU.Build.0 = Release|Any CPU
	EndGlobalSection
EndGlobal
